// !$*UTF8*$!
{
	archiveVersion = 1;
	classes = {
	};
	objectVersion = 51;
	objects = {

/* Begin PBXBuildFile section */
		B3957916254A4C0000090669 /* AppDelegate.swift in Sources */ = {isa = PBXBuildFile; fileRef = B3957915254A4C0000090669 /* AppDelegate.swift */; };
		B3957918254A4C0000090669 /* SceneDelegate.swift in Sources */ = {isa = PBXBuildFile; fileRef = B3957917254A4C0000090669 /* SceneDelegate.swift */; };
		B395791A254A4C0000090669 /* LoginViewController.swift in Sources */ = {isa = PBXBuildFile; fileRef = B3957919254A4C0000090669 /* LoginViewController.swift */; };
		B395791D254A4C0000090669 /* Main.storyboard in Resources */ = {isa = PBXBuildFile; fileRef = B395791B254A4C0000090669 /* Main.storyboard */; };
		B395791F254A4C0100090669 /* Assets.xcassets in Resources */ = {isa = PBXBuildFile; fileRef = B395791E254A4C0100090669 /* Assets.xcassets */; };
		B3957922254A4C0100090669 /* LaunchScreen.storyboard in Resources */ = {isa = PBXBuildFile; fileRef = B3957920254A4C0100090669 /* LaunchScreen.storyboard */; };
		B3BB2494254B938C00C20793 /* Spot.swift in Sources */ = {isa = PBXBuildFile; fileRef = B3BB2493254B938C00C20793 /* Spot.swift */; };
		B3BB249D254B9BBD00C20793 /* UIViewController+alert.swift in Sources */ = {isa = PBXBuildFile; fileRef = B3BB249C254B9BBD00C20793 /* UIViewController+alert.swift */; };
		B3BB24A1254BA95100C20793 /* Spots.swift in Sources */ = {isa = PBXBuildFile; fileRef = B3BB24A0254BA95100C20793 /* Spots.swift */; };
		B3F7B5A2254A4F300073648C /* GoogleService-Info.plist in Resources */ = {isa = PBXBuildFile; fileRef = B3F7B5A1254A4F300073648C /* GoogleService-Info.plist */; };
		B3F7B5A6254A5D3C0073648C /* SpotListViewController.swift in Sources */ = {isa = PBXBuildFile; fileRef = B3F7B5A5254A5D3C0073648C /* SpotListViewController.swift */; };
		B3F7B5A9254A5E6F0073648C /* SpotTableViewCell.swift in Sources */ = {isa = PBXBuildFile; fileRef = B3F7B5A8254A5E6F0073648C /* SpotTableViewCell.swift */; };
		B3F7B5CB254A624E0073648C /* SpotDetailViewController.swift in Sources */ = {isa = PBXBuildFile; fileRef = B3F7B5CA254A624E0073648C /* SpotDetailViewController.swift */; };
		B65847B0799B48E3D68501A3 /* Pods_Snacktacular.framework in Frameworks */ = {isa = PBXBuildFile; fileRef = 8C309FA2D1FBF5D7643DBA20 /* Pods_Snacktacular.framework */; };
/* End PBXBuildFile section */

/* Begin PBXFileReference section */
		8C309FA2D1FBF5D7643DBA20 /* Pods_Snacktacular.framework */ = {isa = PBXFileReference; explicitFileType = wrapper.framework; includeInIndex = 0; path = Pods_Snacktacular.framework; sourceTree = BUILT_PRODUCTS_DIR; };
		AA4EA68CA27D086A08DE9931 /* Pods-Snacktacular.debug.xcconfig */ = {isa = PBXFileReference; includeInIndex = 1; lastKnownFileType = text.xcconfig; name = "Pods-Snacktacular.debug.xcconfig"; path = "Target Support Files/Pods-Snacktacular/Pods-Snacktacular.debug.xcconfig"; sourceTree = "<group>"; };
		B3957912254A4C0000090669 /* Snacktacular.app */ = {isa = PBXFileReference; explicitFileType = wrapper.application; includeInIndex = 0; path = Snacktacular.app; sourceTree = BUILT_PRODUCTS_DIR; };
		B3957915254A4C0000090669 /* AppDelegate.swift */ = {isa = PBXFileReference; lastKnownFileType = sourcecode.swift; path = AppDelegate.swift; sourceTree = "<group>"; };
		B3957917254A4C0000090669 /* SceneDelegate.swift */ = {isa = PBXFileReference; lastKnownFileType = sourcecode.swift; path = SceneDelegate.swift; sourceTree = "<group>"; };
		B3957919254A4C0000090669 /* LoginViewController.swift */ = {isa = PBXFileReference; lastKnownFileType = sourcecode.swift; path = LoginViewController.swift; sourceTree = "<group>"; };
		B395791C254A4C0000090669 /* Base */ = {isa = PBXFileReference; lastKnownFileType = file.storyboard; name = Base; path = Base.lproj/Main.storyboard; sourceTree = "<group>"; };
		B395791E254A4C0100090669 /* Assets.xcassets */ = {isa = PBXFileReference; lastKnownFileType = folder.assetcatalog; path = Assets.xcassets; sourceTree = "<group>"; };
		B3957921254A4C0100090669 /* Base */ = {isa = PBXFileReference; lastKnownFileType = file.storyboard; name = Base; path = Base.lproj/LaunchScreen.storyboard; sourceTree = "<group>"; };
		B3957923254A4C0100090669 /* Info.plist */ = {isa = PBXFileReference; lastKnownFileType = text.plist.xml; path = Info.plist; sourceTree = "<group>"; };
		B3BB2493254B938C00C20793 /* Spot.swift */ = {isa = PBXFileReference; lastKnownFileType = sourcecode.swift; path = Spot.swift; sourceTree = "<group>"; };
		B3BB249C254B9BBD00C20793 /* UIViewController+alert.swift */ = {isa = PBXFileReference; fileEncoding = 4; lastKnownFileType = sourcecode.swift; path = "UIViewController+alert.swift"; sourceTree = "<group>"; };
		B3BB24A0254BA95100C20793 /* Spots.swift */ = {isa = PBXFileReference; lastKnownFileType = sourcecode.swift; path = Spots.swift; sourceTree = "<group>"; };
		B3F7B5A1254A4F300073648C /* GoogleService-Info.plist */ = {isa = PBXFileReference; lastKnownFileType = text.plist; path = "GoogleService-Info.plist"; sourceTree = SOURCE_ROOT; };
		B3F7B5A5254A5D3C0073648C /* SpotListViewController.swift */ = {isa = PBXFileReference; lastKnownFileType = sourcecode.swift; path = SpotListViewController.swift; sourceTree = "<group>"; };
		B3F7B5A8254A5E6F0073648C /* SpotTableViewCell.swift */ = {isa = PBXFileReference; lastKnownFileType = sourcecode.swift; path = SpotTableViewCell.swift; sourceTree = "<group>"; };
		B3F7B5CA254A624E0073648C /* SpotDetailViewController.swift */ = {isa = PBXFileReference; lastKnownFileType = sourcecode.swift; path = SpotDetailViewController.swift; sourceTree = "<group>"; };
		C0C4DCFDF7EAA5FB4DBA521E /* Pods-Snacktacular.release.xcconfig */ = {isa = PBXFileReference; includeInIndex = 1; lastKnownFileType = text.xcconfig; name = "Pods-Snacktacular.release.xcconfig"; path = "Target Support Files/Pods-Snacktacular/Pods-Snacktacular.release.xcconfig"; sourceTree = "<group>"; };
/* End PBXFileReference section */

/* Begin PBXFrameworksBuildPhase section */
		B395790F254A4C0000090669 /* Frameworks */ = {
			isa = PBXFrameworksBuildPhase;
			buildActionMask = 2147483647;
			files = (
				B65847B0799B48E3D68501A3 /* Pods_Snacktacular.framework in Frameworks */,
			);
			runOnlyForDeploymentPostprocessing = 0;
		};
/* End PBXFrameworksBuildPhase section */

/* Begin PBXGroup section */
		182241AD927D33344BC124E5 /* Frameworks */ = {
			isa = PBXGroup;
			children = (
				8C309FA2D1FBF5D7643DBA20 /* Pods_Snacktacular.framework */,
			);
			name = Frameworks;
			sourceTree = "<group>";
		};
		93245AA6C1306666A7027C05 /* Pods */ = {
			isa = PBXGroup;
			children = (
				AA4EA68CA27D086A08DE9931 /* Pods-Snacktacular.debug.xcconfig */,
				C0C4DCFDF7EAA5FB4DBA521E /* Pods-Snacktacular.release.xcconfig */,
			);
			path = Pods;
			sourceTree = "<group>";
		};
		B3957909254A4C0000090669 = {
			isa = PBXGroup;
			children = (
				B3957914254A4C0000090669 /* Snacktacular */,
				B3957913254A4C0000090669 /* Products */,
				93245AA6C1306666A7027C05 /* Pods */,
				182241AD927D33344BC124E5 /* Frameworks */,
			);
			sourceTree = "<group>";
		};
		B3957913254A4C0000090669 /* Products */ = {
			isa = PBXGroup;
			children = (
				B3957912254A4C0000090669 /* Snacktacular.app */,
			);
			name = Products;
			sourceTree = "<group>";
		};
		B3957914254A4C0000090669 /* Snacktacular */ = {
			isa = PBXGroup;
			children = (
				B3957915254A4C0000090669 /* AppDelegate.swift */,
				B3957917254A4C0000090669 /* SceneDelegate.swift */,
				B3BB2493254B938C00C20793 /* Spot.swift */,
				B3BB24A0254BA95100C20793 /* Spots.swift */,
				B3957919254A4C0000090669 /* LoginViewController.swift */,
				B3F7B5A5254A5D3C0073648C /* SpotListViewController.swift */,
				B3F7B5A8254A5E6F0073648C /* SpotTableViewCell.swift */,
				B3F7B5CA254A624E0073648C /* SpotDetailViewController.swift */,
				B3BB249C254B9BBD00C20793 /* UIViewController+alert.swift */,
				B395791B254A4C0000090669 /* Main.storyboard */,
				B395791E254A4C0100090669 /* Assets.xcassets */,
				B3957920254A4C0100090669 /* LaunchScreen.storyboard */,
				B3957923254A4C0100090669 /* Info.plist */,
				B3F7B5A1254A4F300073648C /* GoogleService-Info.plist */,
			);
			path = Snacktacular;
			sourceTree = "<group>";
		};
/* End PBXGroup section */

/* Begin PBXNativeTarget section */
		B3957911254A4C0000090669 /* Snacktacular */ = {
			isa = PBXNativeTarget;
			buildConfigurationList = B3957926254A4C0100090669 /* Build configuration list for PBXNativeTarget "Snacktacular" */;
			buildPhases = (
				2512CA0BF9140B2CCF932625 /* [CP] Check Pods Manifest.lock */,
				B395790E254A4C0000090669 /* Sources */,
				B395790F254A4C0000090669 /* Frameworks */,
				B3957910254A4C0000090669 /* Resources */,
				21B493B8FD57CFC28C192880 /* [CP] Embed Pods Frameworks */,
				4BA82B3367A1DD25B921F2CA /* [CP] Copy Pods Resources */,
			);
			buildRules = (
			);
			dependencies = (
			);
			name = Snacktacular;
			productName = Snacktacular;
			productReference = B3957912254A4C0000090669 /* Snacktacular.app */;
			productType = "com.apple.product-type.application";
		};
/* End PBXNativeTarget section */

/* Begin PBXProject section */
		B395790A254A4C0000090669 /* Project object */ = {
			isa = PBXProject;
			attributes = {
				LastSwiftUpdateCheck = 1210;
				LastUpgradeCheck = 1210;
				TargetAttributes = {
					B3957911254A4C0000090669 = {
						CreatedOnToolsVersion = 12.1;
					};
				};
			};
			buildConfigurationList = B395790D254A4C0000090669 /* Build configuration list for PBXProject "Snacktacular" */;
			compatibilityVersion = "Xcode 9.3";
			developmentRegion = en;
			hasScannedForEncodings = 0;
			knownRegions = (
				en,
				Base,
			);
			mainGroup = B3957909254A4C0000090669;
			productRefGroup = B3957913254A4C0000090669 /* Products */;
			projectDirPath = "";
			projectRoot = "";
			targets = (
				B3957911254A4C0000090669 /* Snacktacular */,
			);
		};
/* End PBXProject section */

/* Begin PBXResourcesBuildPhase section */
		B3957910254A4C0000090669 /* Resources */ = {
			isa = PBXResourcesBuildPhase;
			buildActionMask = 2147483647;
			files = (
				B3957922254A4C0100090669 /* LaunchScreen.storyboard in Resources */,
				B3F7B5A2254A4F300073648C /* GoogleService-Info.plist in Resources */,
				B395791F254A4C0100090669 /* Assets.xcassets in Resources */,
				B395791D254A4C0000090669 /* Main.storyboard in Resources */,
			);
			runOnlyForDeploymentPostprocessing = 0;
		};
/* End PBXResourcesBuildPhase section */

/* Begin PBXShellScriptBuildPhase section */
		21B493B8FD57CFC28C192880 /* [CP] Embed Pods Frameworks */ = {
			isa = PBXShellScriptBuildPhase;
			buildActionMask = 2147483647;
			files = (
			);
			inputFileListPaths = (
				"${PODS_ROOT}/Target Support Files/Pods-Snacktacular/Pods-Snacktacular-frameworks-${CONFIGURATION}-input-files.xcfilelist",
			);
			name = "[CP] Embed Pods Frameworks";
			outputFileListPaths = (
				"${PODS_ROOT}/Target Support Files/Pods-Snacktacular/Pods-Snacktacular-frameworks-${CONFIGURATION}-output-files.xcfilelist",
			);
			runOnlyForDeploymentPostprocessing = 0;
			shellPath = /bin/sh;
			shellScript = "\"${PODS_ROOT}/Target Support Files/Pods-Snacktacular/Pods-Snacktacular-frameworks.sh\"\n";
			showEnvVarsInLog = 0;
		};
		2512CA0BF9140B2CCF932625 /* [CP] Check Pods Manifest.lock */ = {
			isa = PBXShellScriptBuildPhase;
			buildActionMask = 2147483647;
			files = (
			);
			inputFileListPaths = (
			);
			inputPaths = (
				"${PODS_PODFILE_DIR_PATH}/Podfile.lock",
				"${PODS_ROOT}/Manifest.lock",
			);
			name = "[CP] Check Pods Manifest.lock";
			outputFileListPaths = (
			);
			outputPaths = (
				"$(DERIVED_FILE_DIR)/Pods-Snacktacular-checkManifestLockResult.txt",
			);
			runOnlyForDeploymentPostprocessing = 0;
			shellPath = /bin/sh;
			shellScript = "diff \"${PODS_PODFILE_DIR_PATH}/Podfile.lock\" \"${PODS_ROOT}/Manifest.lock\" > /dev/null\nif [ $? != 0 ] ; then\n    # print error to STDERR\n    echo \"error: The sandbox is not in sync with the Podfile.lock. Run 'pod install' or update your CocoaPods installation.\" >&2\n    exit 1\nfi\n# This output is used by Xcode 'outputs' to avoid re-running this script phase.\necho \"SUCCESS\" > \"${SCRIPT_OUTPUT_FILE_0}\"\n";
			showEnvVarsInLog = 0;
		};
		4BA82B3367A1DD25B921F2CA /* [CP] Copy Pods Resources */ = {
			isa = PBXShellScriptBuildPhase;
			buildActionMask = 2147483647;
			files = (
			);
			inputFileListPaths = (
				"${PODS_ROOT}/Target Support Files/Pods-Snacktacular/Pods-Snacktacular-resources-${CONFIGURATION}-input-files.xcfilelist",
			);
			name = "[CP] Copy Pods Resources";
			outputFileListPaths = (
				"${PODS_ROOT}/Target Support Files/Pods-Snacktacular/Pods-Snacktacular-resources-${CONFIGURATION}-output-files.xcfilelist",
			);
			runOnlyForDeploymentPostprocessing = 0;
			shellPath = /bin/sh;
			shellScript = "\"${PODS_ROOT}/Target Support Files/Pods-Snacktacular/Pods-Snacktacular-resources.sh\"\n";
			showEnvVarsInLog = 0;
		};
/* End PBXShellScriptBuildPhase section */

/* Begin PBXSourcesBuildPhase section */
		B395790E254A4C0000090669 /* Sources */ = {
			isa = PBXSourcesBuildPhase;
			buildActionMask = 2147483647;
			files = (
				B3F7B5A6254A5D3C0073648C /* SpotListViewController.swift in Sources */,
				B395791A254A4C0000090669 /* LoginViewController.swift in Sources */,
				B3957916254A4C0000090669 /* AppDelegate.swift in Sources */,
				B3F7B5CB254A624E0073648C /* SpotDetailViewController.swift in Sources */,
				B3BB24A1254BA95100C20793 /* Spots.swift in Sources */,
				B3F7B5A9254A5E6F0073648C /* SpotTableViewCell.swift in Sources */,
				B3BB2494254B938C00C20793 /* Spot.swift in Sources */,
				B3957918254A4C0000090669 /* SceneDelegate.swift in Sources */,
				B3BB249D254B9BBD00C20793 /* UIViewController+alert.swift in Sources */,
			);
			runOnlyForDeploymentPostprocessing = 0;
		};
/* End PBXSourcesBuildPhase section */

/* Begin PBXVariantGroup section */
		B395791B254A4C0000090669 /* Main.storyboard */ = {
			isa = PBXVariantGroup;
			children = (
				B395791C254A4C0000090669 /* Base */,
			);
			name = Main.storyboard;
			sourceTree = "<group>";
		};
		B3957920254A4C0100090669 /* LaunchScreen.storyboard */ = {
			isa = PBXVariantGroup;
			children = (
				B3957921254A4C0100090669 /* Base */,
			);
			name = LaunchScreen.storyboard;
			sourceTree = "<group>";
		};
/* End PBXVariantGroup section */

/* Begin XCBuildConfiguration section */
		B3957924254A4C0100090669 /* Debug */ = {
			isa = XCBuildConfiguration;
			buildSettings = {
				ALWAYS_SEARCH_USER_PATHS = NO;
				CLANG_ANALYZER_NONNULL = YES;
				CLANG_ANALYZER_NUMBER_OBJECT_CONVERSION = YES_AGGRESSIVE;
				CLANG_CXX_LANGUAGE_STANDARD = "gnu++14";
				CLANG_CXX_LIBRARY = "libc++";
				CLANG_ENABLE_MODULES = YES;
				CLANG_ENABLE_OBJC_ARC = YES;
				CLANG_ENABLE_OBJC_WEAK = YES;
				CLANG_WARN_BLOCK_CAPTURE_AUTORELEASING = YES;
				CLANG_WARN_BOOL_CONVERSION = YES;
				CLANG_WARN_COMMA = YES;
				CLANG_WARN_CONSTANT_CONVERSION = YES;
				CLANG_WARN_DEPRECATED_OBJC_IMPLEMENTATIONS = YES;
				CLANG_WARN_DIRECT_OBJC_ISA_USAGE = YES_ERROR;
				CLANG_WARN_DOCUMENTATION_COMMENTS = YES;
				CLANG_WARN_EMPTY_BODY = YES;
				CLANG_WARN_ENUM_CONVERSION = YES;
				CLANG_WARN_INFINITE_RECURSION = YES;
				CLANG_WARN_INT_CONVERSION = YES;
				CLANG_WARN_NON_LITERAL_NULL_CONVERSION = YES;
				CLANG_WARN_OBJC_IMPLICIT_RETAIN_SELF = YES;
				CLANG_WARN_OBJC_LITERAL_CONVERSION = YES;
				CLANG_WARN_OBJC_ROOT_CLASS = YES_ERROR;
				CLANG_WARN_QUOTED_INCLUDE_IN_FRAMEWORK_HEADER = YES;
				CLANG_WARN_RANGE_LOOP_ANALYSIS = YES;
				CLANG_WARN_STRICT_PROTOTYPES = YES;
				CLANG_WARN_SUSPICIOUS_MOVE = YES;
				CLANG_WARN_UNGUARDED_AVAILABILITY = YES_AGGRESSIVE;
				CLANG_WARN_UNREACHABLE_CODE = YES;
				CLANG_WARN__DUPLICATE_METHOD_MATCH = YES;
				COPY_PHASE_STRIP = NO;
				DEBUG_INFORMATION_FORMAT = dwarf;
				ENABLE_STRICT_OBJC_MSGSEND = YES;
				ENABLE_TESTABILITY = YES;
				GCC_C_LANGUAGE_STANDARD = gnu11;
				GCC_DYNAMIC_NO_PIC = NO;
				GCC_NO_COMMON_BLOCKS = YES;
				GCC_OPTIMIZATION_LEVEL = 0;
				GCC_PREPROCESSOR_DEFINITIONS = (
					"DEBUG=1",
					"$(inherited)",
				);
				GCC_WARN_64_TO_32_BIT_CONVERSION = YES;
				GCC_WARN_ABOUT_RETURN_TYPE = YES_ERROR;
				GCC_WARN_UNDECLARED_SELECTOR = YES;
				GCC_WARN_UNINITIALIZED_AUTOS = YES_AGGRESSIVE;
				GCC_WARN_UNUSED_FUNCTION = YES;
				GCC_WARN_UNUSED_VARIABLE = YES;
				IPHONEOS_DEPLOYMENT_TARGET = 14.1;
				MTL_ENABLE_DEBUG_INFO = INCLUDE_SOURCE;
				MTL_FAST_MATH = YES;
				ONLY_ACTIVE_ARCH = YES;
				SDKROOT = iphoneos;
				SWIFT_ACTIVE_COMPILATION_CONDITIONS = DEBUG;
				SWIFT_OPTIMIZATION_LEVEL = "-Onone";
			};
			name = Debug;
		};
		B3957925254A4C0100090669 /* Release */ = {
			isa = XCBuildConfiguration;
			buildSettings = {
				ALWAYS_SEARCH_USER_PATHS = NO;
				CLANG_ANALYZER_NONNULL = YES;
				CLANG_ANALYZER_NUMBER_OBJECT_CONVERSION = YES_AGGRESSIVE;
				CLANG_CXX_LANGUAGE_STANDARD = "gnu++14";
				CLANG_CXX_LIBRARY = "libc++";
				CLANG_ENABLE_MODULES = YES;
				CLANG_ENABLE_OBJC_ARC = YES;
				CLANG_ENABLE_OBJC_WEAK = YES;
				CLANG_WARN_BLOCK_CAPTURE_AUTORELEASING = YES;
				CLANG_WARN_BOOL_CONVERSION = YES;
				CLANG_WARN_COMMA = YES;
				CLANG_WARN_CONSTANT_CONVERSION = YES;
				CLANG_WARN_DEPRECATED_OBJC_IMPLEMENTATIONS = YES;
				CLANG_WARN_DIRECT_OBJC_ISA_USAGE = YES_ERROR;
				CLANG_WARN_DOCUMENTATION_COMMENTS = YES;
				CLANG_WARN_EMPTY_BODY = YES;
				CLANG_WARN_ENUM_CONVERSION = YES;
				CLANG_WARN_INFINITE_RECURSION = YES;
				CLANG_WARN_INT_CONVERSION = YES;
				CLANG_WARN_NON_LITERAL_NULL_CONVERSION = YES;
				CLANG_WARN_OBJC_IMPLICIT_RETAIN_SELF = YES;
				CLANG_WARN_OBJC_LITERAL_CONVERSION = YES;
				CLANG_WARN_OBJC_ROOT_CLASS = YES_ERROR;
				CLANG_WARN_QUOTED_INCLUDE_IN_FRAMEWORK_HEADER = YES;
				CLANG_WARN_RANGE_LOOP_ANALYSIS = YES;
				CLANG_WARN_STRICT_PROTOTYPES = YES;
				CLANG_WARN_SUSPICIOUS_MOVE = YES;
				CLANG_WARN_UNGUARDED_AVAILABILITY = YES_AGGRESSIVE;
				CLANG_WARN_UNREACHABLE_CODE = YES;
				CLANG_WARN__DUPLICATE_METHOD_MATCH = YES;
				COPY_PHASE_STRIP = NO;
				DEBUG_INFORMATION_FORMAT = "dwarf-with-dsym";
				ENABLE_NS_ASSERTIONS = NO;
				ENABLE_STRICT_OBJC_MSGSEND = YES;
				GCC_C_LANGUAGE_STANDARD = gnu11;
				GCC_NO_COMMON_BLOCKS = YES;
				GCC_WARN_64_TO_32_BIT_CONVERSION = YES;
				GCC_WARN_ABOUT_RETURN_TYPE = YES_ERROR;
				GCC_WARN_UNDECLARED_SELECTOR = YES;
				GCC_WARN_UNINITIALIZED_AUTOS = YES_AGGRESSIVE;
				GCC_WARN_UNUSED_FUNCTION = YES;
				GCC_WARN_UNUSED_VARIABLE = YES;
				IPHONEOS_DEPLOYMENT_TARGET = 14.1;
				MTL_ENABLE_DEBUG_INFO = NO;
				MTL_FAST_MATH = YES;
				SDKROOT = iphoneos;
				SWIFT_COMPILATION_MODE = wholemodule;
				SWIFT_OPTIMIZATION_LEVEL = "-O";
				VALIDATE_PRODUCT = YES;
			};
			name = Release;
		};
		B3957927254A4C0100090669 /* Debug */ = {
			isa = XCBuildConfiguration;
			baseConfigurationReference = AA4EA68CA27D086A08DE9931 /* Pods-Snacktacular.debug.xcconfig */;
			buildSettings = {
				ASSETCATALOG_COMPILER_APPICON_NAME = AppIcon;
				ASSETCATALOG_COMPILER_GLOBAL_ACCENT_COLOR_NAME = AccentColor;
				CODE_SIGN_STYLE = Automatic;
				DEVELOPMENT_TEAM = JQYNDWGJPN;
				INFOPLIST_FILE = Snacktacular/Info.plist;
				LD_RUNPATH_SEARCH_PATHS = (
					"$(inherited)",
					"@executable_path/Frameworks",
				);
				PRODUCT_BUNDLE_IDENTIFIER = com.sanghalee.Snacktacular;
				PRODUCT_NAME = "$(TARGET_NAME)";
				SWIFT_VERSION = 5.0;
				TARGETED_DEVICE_FAMILY = "1,2";
			};
			name = Debug;
		};
		B3957928254A4C0100090669 /* Release */ = {
			isa = XCBuildConfiguration;
			baseConfigurationReference = C0C4DCFDF7EAA5FB4DBA521E /* Pods-Snacktacular.release.xcconfig */;
			buildSettings = {
				ASSETCATALOG_COMPILER_APPICON_NAME = AppIcon;
				ASSETCATALOG_COMPILER_GLOBAL_ACCENT_COLOR_NAME = AccentColor;
				CODE_SIGN_STYLE = Automatic;
				DEVELOPMENT_TEAM = JQYNDWGJPN;
				INFOPLIST_FILE = Snacktacular/Info.plist;
				LD_RUNPATH_SEARCH_PATHS = (
					"$(inherited)",
					"@executable_path/Frameworks",
				);
				PRODUCT_BUNDLE_IDENTIFIER = com.sanghalee.Snacktacular;
				PRODUCT_NAME = "$(TARGET_NAME)";
				SWIFT_VERSION = 5.0;
				TARGETED_DEVICE_FAMILY = "1,2";
			};
			name = Release;
		};
/* End XCBuildConfiguration section */

/* Begin XCConfigurationList section */
		B395790D254A4C0000090669 /* Build configuration list for PBXProject "Snacktacular" */ = {
			isa = XCConfigurationList;
			buildConfigurations = (
				B3957924254A4C0100090669 /* Debug */,
				B3957925254A4C0100090669 /* Release */,
			);
			defaultConfigurationIsVisible = 0;
			defaultConfigurationName = Release;
		};
		B3957926254A4C0100090669 /* Build configuration list for PBXNativeTarget "Snacktacular" */ = {
			isa = XCConfigurationList;
			buildConfigurations = (
				B3957927254A4C0100090669 /* Debug */,
				B3957928254A4C0100090669 /* Release */,
			);
			defaultConfigurationIsVisible = 0;
			defaultConfigurationName = Release;
		};
/* End XCConfigurationList section */
	};
	rootObject = B395790A254A4C0000090669 /* Project object */;
}
